hash: e48d1360f5008e1f88a10dab569fae1f6c849c9074cf94eccaca491612808df8
updated: 2016-06-17T01:25:59.3514706+08:00
imports:
- name: github.com/spf13/cobra
  version: bc81c21bd0d8be5ba2d6630a505d79d4467566e7
  vcs: git
- name: github.com/spf13/viper
  version: c1ccc378a054ea8d4e38d8c67f6938d4760b53dd
  vcs: git
devImports: []
